
Microsoft Visual Studio Solution File, Format Version 12.00
# Visual Studio Version 16
VisualStudioVersion = 16.0.31112.23
MinimumVisualStudioVersion = 10.0.40219.1
Project("{F184B08F-C81C-45F6-A57F-5ABD9991F28F}") = "ErrorHandlingApp", "ErrorHandlingApp\ErrorHandlingApp.vbproj", "{CDC7F02E-8B78-4F2F-9D34-86CA1A9724A3}"
EndProject
Global
	GlobalSection(SolutionConfigurationPlatforms) = preSolution
		Debug|Any CPU = Debug|Any CPU
		Release|Any CPU = Release|Any CPU
	EndGlobalSection
	GlobalSection(ProjectConfigurationPlatforms) = postSolution
		{CDC7F02E-8B78-4F2F-9D34-86CA1A9724A3}.Debug|Any CPU.ActiveCfg = Debug|Any CPU
		{CDC7F02E-8B78-4F2F-9D34-86CA1A9724A3}.Debug|Any CPU.Build.0 = Debug|Any CPU
		{CDC7F02E-8B78-4F2F-9D34-86CA1A9724A3}.Release|Any CPU.ActiveCfg = Release|Any CPU
		{CDC7F02E-8B78-4F2F-9D34-86CA1A9724A3}.Release|Any CPU.Build.0 = Release|Any CPU
	EndGlobalSection
	GlobalSection(SolutionProperties) = preSolution
		HideSolutionNode = FALSE
	EndGlobalSection
	GlobalSection(ExtensibilityGlobals) = postSolution
		SolutionGuid = {25FB80A6-DF3A-4879-8CBF-0C2DD592EAEB}
	EndGlobalSection
EndGlobal
